// !$*UTF8*$!
{
	archiveVersion = 1;
	classes = {
	};
	objectVersion = 46;
	objects = {

/* Begin PBXBuildFile section */
		D014878017EC721900A5FBFD /* Default-568h@2x.png in Resources */ = {isa = PBXBuildFile; fileRef = D014877D17EC721900A5FBFD /* Default-568h@2x.png */; };
		D014878117EC721900A5FBFD /* Default.png in Resources */ = {isa = PBXBuildFile; fileRef = D014877E17EC721900A5FBFD /* Default.png */; };
		D014878217EC721900A5FBFD /* Default@2x.png in Resources */ = {isa = PBXBuildFile; fileRef = D014877F17EC721900A5FBFD /* Default@2x.png */; };
		D014878417EC72B000A5FBFD /* Icon.png in Resources */ = {isa = PBXBuildFile; fileRef = D014878317EC72B000A5FBFD /* Icon.png */; };
		D01566A31594A46000884FFA /* ReadMe.rtf in Resources */ = {isa = PBXBuildFile; fileRef = D01566A21594A46000884FFA /* ReadMe.rtf */; };
		D0ED6077158A852E009868F1 /* UIKit.framework in Frameworks */ = {isa = PBXBuildFile; fileRef = D0ED6076158A852E009868F1 /* UIKit.framework */; };
		D0ED6079158A852E009868F1 /* Foundation.framework in Frameworks */ = {isa = PBXBuildFile; fileRef = D0ED6078158A852E009868F1 /* Foundation.framework */; };
		D0ED607B158A852E009868F1 /* CoreGraphics.framework in Frameworks */ = {isa = PBXBuildFile; fileRef = D0ED607A158A852E009868F1 /* CoreGraphics.framework */; };
		D0ED6081158A852E009868F1 /* InfoPlist.strings in Resources */ = {isa = PBXBuildFile; fileRef = D0ED607F158A852E009868F1 /* InfoPlist.strings */; };
		D0ED6083158A852E009868F1 /* main.m in Sources */ = {isa = PBXBuildFile; fileRef = D0ED6082158A852E009868F1 /* main.m */; };
		D0ED6087158A852E009868F1 /* AppDelegate.m in Sources */ = {isa = PBXBuildFile; fileRef = D0ED6086158A852E009868F1 /* AppDelegate.m */; };
		D0ED608A158A852E009868F1 /* MainStoryboard.storyboard in Resources */ = {isa = PBXBuildFile; fileRef = D0ED6088158A852E009868F1 /* MainStoryboard.storyboard */; };
		D0ED6099158A8646009868F1 /* Model.m in Sources */ = {isa = PBXBuildFile; fileRef = D0ED6098158A8646009868F1 /* Model.m */; };
		D0ED609C158A86E4009868F1 /* ViewController.m in Sources */ = {isa = PBXBuildFile; fileRef = D0ED609B158A86E4009868F1 /* ViewController.m */; };
/* End PBXBuildFile section */

/* Begin PBXFileReference section */
		D014877D17EC721900A5FBFD /* Default-568h@2x.png */ = {isa = PBXFileReference; lastKnownFileType = image.png; path = "Default-568h@2x.png"; sourceTree = "<group>"; };
		D014877E17EC721900A5FBFD /* Default.png */ = {isa = PBXFileReference; lastKnownFileType = image.png; path = Default.png; sourceTree = "<group>"; };
		D014877F17EC721900A5FBFD /* Default@2x.png */ = {isa = PBXFileReference; lastKnownFileType = image.png; path = "Default@2x.png"; sourceTree = "<group>"; };
		D014878317EC72B000A5FBFD /* Icon.png */ = {isa = PBXFileReference; lastKnownFileType = image.png; path = Icon.png; sourceTree = "<group>"; };
		D01566A21594A46000884FFA /* ReadMe.rtf */ = {isa = PBXFileReference; fileEncoding = 4; lastKnownFileType = text.rtf; path = ReadMe.rtf; sourceTree = "<group>"; };
		D0ED6072158A852E009868F1 /* Table Single.app */ = {isa = PBXFileReference; explicitFileType = wrapper.application; includeInIndex = 0; path = "Table Single.app"; sourceTree = BUILT_PRODUCTS_DIR; };
		D0ED6076158A852E009868F1 /* UIKit.framework */ = {isa = PBXFileReference; lastKnownFileType = wrapper.framework; name = UIKit.framework; path = System/Library/Frameworks/UIKit.framework; sourceTree = SDKROOT; };
		D0ED6078158A852E009868F1 /* Foundation.framework */ = {isa = PBXFileReference; lastKnownFileType = wrapper.framework; name = Foundation.framework; path = System/Library/Frameworks/Foundation.framework; sourceTree = SDKROOT; };
		D0ED607A158A852E009868F1 /* CoreGraphics.framework */ = {isa = PBXFileReference; lastKnownFileType = wrapper.framework; name = CoreGraphics.framework; path = System/Library/Frameworks/CoreGraphics.framework; sourceTree = SDKROOT; };
		D0ED607E158A852E009868F1 /* Table Single-Info.plist */ = {isa = PBXFileReference; lastKnownFileType = text.plist.xml; path = "Table Single-Info.plist"; sourceTree = "<group>"; };
		D0ED6080158A852E009868F1 /* en */ = {isa = PBXFileReference; lastKnownFileType = text.plist.strings; name = en; path = en.lproj/InfoPlist.strings; sourceTree = "<group>"; };
		D0ED6082158A852E009868F1 /* main.m */ = {isa = PBXFileReference; lastKnownFileType = sourcecode.c.objc; path = main.m; sourceTree = "<group>"; };
		D0ED6084158A852E009868F1 /* Table Single-Prefix.pch */ = {isa = PBXFileReference; lastKnownFileType = sourcecode.c.h; path = "Table Single-Prefix.pch"; sourceTree = "<group>"; };
		D0ED6085158A852E009868F1 /* AppDelegate.h */ = {isa = PBXFileReference; lastKnownFileType = sourcecode.c.h; path = AppDelegate.h; sourceTree = "<group>"; };
		D0ED6086158A852E009868F1 /* AppDelegate.m */ = {isa = PBXFileReference; lastKnownFileType = sourcecode.c.objc; path = AppDelegate.m; sourceTree = "<group>"; };
		D0ED6089158A852E009868F1 /* en */ = {isa = PBXFileReference; lastKnownFileType = file.storyboard; name = en; path = en.lproj/MainStoryboard.storyboard; sourceTree = "<group>"; };
		D0ED6097158A8646009868F1 /* Model.h */ = {isa = PBXFileReference; fileEncoding = 4; lastKnownFileType = sourcecode.c.h; path = Model.h; sourceTree = "<group>"; };
		D0ED6098158A8646009868F1 /* Model.m */ = {isa = PBXFileReference; fileEncoding = 4; lastKnownFileType = sourcecode.c.objc; path = Model.m; sourceTree = "<group>"; };
		D0ED609A158A86E4009868F1 /* ViewController.h */ = {isa = PBXFileReference; fileEncoding = 4; lastKnownFileType = sourcecode.c.h; path = ViewController.h; sourceTree = "<group>"; };
		D0ED609B158A86E4009868F1 /* ViewController.m */ = {isa = PBXFileReference; fileEncoding = 4; lastKnownFileType = sourcecode.c.objc; path = ViewController.m; sourceTree = "<group>"; };
/* End PBXFileReference section */

/* Begin PBXFrameworksBuildPhase section */
		D0ED606F158A852E009868F1 /* Frameworks */ = {
			isa = PBXFrameworksBuildPhase;
			buildActionMask = 2147483647;
			files = (
				D0ED6077158A852E009868F1 /* UIKit.framework in Frameworks */,
				D0ED6079158A852E009868F1 /* Foundation.framework in Frameworks */,
				D0ED607B158A852E009868F1 /* CoreGraphics.framework in Frameworks */,
			);
			runOnlyForDeploymentPostprocessing = 0;
		};
/* End PBXFrameworksBuildPhase section */

/* Begin PBXGroup section */
		D0ED6067158A852E009868F1 = {
			isa = PBXGroup;
			children = (
				D014878317EC72B000A5FBFD /* Icon.png */,
				D01566A21594A46000884FFA /* ReadMe.rtf */,
				D0ED607C158A852E009868F1 /* Table Single */,
				D0ED6075158A852E009868F1 /* Frameworks */,
				D0ED6073158A852E009868F1 /* Products */,
			);
			sourceTree = "<group>";
		};
		D0ED6073158A852E009868F1 /* Products */ = {
			isa = PBXGroup;
			children = (
				D0ED6072158A852E009868F1 /* Table Single.app */,
			);
			name = Products;
			sourceTree = "<group>";
		};
		D0ED6075158A852E009868F1 /* Frameworks */ = {
			isa = PBXGroup;
			children = (
				D0ED6076158A852E009868F1 /* UIKit.framework */,
				D0ED6078158A852E009868F1 /* Foundation.framework */,
				D0ED607A158A852E009868F1 /* CoreGraphics.framework */,
			);
			name = Frameworks;
			sourceTree = "<group>";
		};
		D0ED607C158A852E009868F1 /* Table Single */ = {
			isa = PBXGroup;
			children = (
				D0ED6085158A852E009868F1 /* AppDelegate.h */,
				D0ED6086158A852E009868F1 /* AppDelegate.m */,
				D0ED6088158A852E009868F1 /* MainStoryboard.storyboard */,
				D0ED607D158A852E009868F1 /* Supporting Files */,
				D0ED6097158A8646009868F1 /* Model.h */,
				D0ED6098158A8646009868F1 /* Model.m */,
				D0ED609A158A86E4009868F1 /* ViewController.h */,
				D0ED609B158A86E4009868F1 /* ViewController.m */,
			);
			path = "Table Single";
			sourceTree = "<group>";
		};
		D0ED607D158A852E009868F1 /* Supporting Files */ = {
			isa = PBXGroup;
			children = (
				D014877D17EC721900A5FBFD /* Default-568h@2x.png */,
				D014877E17EC721900A5FBFD /* Default.png */,
				D014877F17EC721900A5FBFD /* Default@2x.png */,
				D0ED607E158A852E009868F1 /* Table Single-Info.plist */,
				D0ED607F158A852E009868F1 /* InfoPlist.strings */,
				D0ED6082158A852E009868F1 /* main.m */,
				D0ED6084158A852E009868F1 /* Table Single-Prefix.pch */,
			);
			name = "Supporting Files";
			sourceTree = "<group>";
		};
/* End PBXGroup section */

/* Begin PBXNativeTarget section */
		D0ED6071158A852E009868F1 /* Table Single */ = {
			isa = PBXNativeTarget;
			buildConfigurationList = D0ED6090158A852E009868F1 /* Build configuration list for PBXNativeTarget "Table Single" */;
			buildPhases = (
				D0ED606E158A852E009868F1 /* Sources */,
				D0ED606F158A852E009868F1 /* Frameworks */,
				D0ED6070158A852E009868F1 /* Resources */,
			);
			buildRules = (
			);
			dependencies = (
			);
			name = "Table Single";
			productName = "Table Single";
			productReference = D0ED6072158A852E009868F1 /* Table Single.app */;
			productType = "com.apple.product-type.application";
		};
/* End PBXNativeTarget section */

/* Begin PBXProject section */
		D0ED6069158A852E009868F1 /* Project object */ = {
			isa = PBXProject;
			attributes = {
				LastUpgradeCheck = 0460;
				ORGANIZATIONNAME = "Seneca College";
			};
			buildConfigurationList = D0ED606C158A852E009868F1 /* Build configuration list for PBXProject "Table Single" */;
			compatibilityVersion = "Xcode 3.2";
			developmentRegion = English;
			hasScannedForEncodings = 0;
			knownRegions = (
				en,
			);
			mainGroup = D0ED6067158A852E009868F1;
			productRefGroup = D0ED6073158A852E009868F1 /* Products */;
			projectDirPath = "";
			projectRoot = "";
			targets = (
				D0ED6071158A852E009868F1 /* Table Single */,
			);
		};
/* End PBXProject section */

/* Begin PBXResourcesBuildPhase section */
		D0ED6070158A852E009868F1 /* Resources */ = {
			isa = PBXResourcesBuildPhase;
			buildActionMask = 2147483647;
			files = (
				D0ED6081158A852E009868F1 /* InfoPlist.strings in Resources */,
				D0ED608A158A852E009868F1 /* MainStoryboard.storyboard in Resources */,
				D01566A31594A46000884FFA /* ReadMe.rtf in Resources */,
				D014878017EC721900A5FBFD /* Default-568h@2x.png in Resources */,
				D014878117EC721900A5FBFD /* Default.png in Resources */,
				D014878217EC721900A5FBFD /* Default@2x.png in Resources */,
				D014878417EC72B000A5FBFD /* Icon.png in Resources */,
			);
			runOnlyForDeploymentPostprocessing = 0;
		};
/* End PBXResourcesBuildPhase section */

/* Begin PBXSourcesBuildPhase section */
		D0ED606E158A852E009868F1 /* Sources */ = {
			isa = PBXSourcesBuildPhase;
			buildActionMask = 2147483647;
			files = (
				D0ED6083158A852E009868F1 /* main.m in Sources */,
				D0ED6087158A852E009868F1 /* AppDelegate.m in Sources */,
				D0ED6099158A8646009868F1 /* Model.m in Sources */,
				D0ED609C158A86E4009868F1 /* ViewController.m in Sources */,
			);
			runOnlyForDeploymentPostprocessing = 0;
		};
/* End PBXSourcesBuildPhase section */

/* Begin PBXVariantGroup section */
		D0ED607F158A852E009868F1 /* InfoPlist.strings */ = {
			isa = PBXVariantGroup;
			children = (
				D0ED6080158A852E009868F1 /* en */,
			);
			name = InfoPlist.strings;
			sourceTree = "<group>";
		};
		D0ED6088158A852E009868F1 /* MainStoryboard.storyboard */ = {
			isa = PBXVariantGroup;
			children = (
				D0ED6089158A852E009868F1 /* en */,
			);
			name = MainStoryboard.storyboard;
			sourceTree = "<group>";
		};
/* End PBXVariantGroup section */

/* Begin XCBuildConfiguration section */
		D0ED608E158A852E009868F1 /* Debug */ = {
			isa = XCBuildConfiguration;
			buildSettings = {
				ALWAYS_SEARCH_USER_PATHS = NO;
				ARCHS = "$(ARCHS_STANDARD_32_BIT)";
				CLANG_ENABLE_OBJC_ARC = YES;
				CLANG_WARN_CONSTANT_CONVERSION = YES;
				CLANG_WARN_ENUM_CONVERSION = YES;
				CLANG_WARN_INT_CONVERSION = YES;
				CLANG_WARN__DUPLICATE_METHOD_MATCH = YES;
				"CODE_SIGN_IDENTITY[sdk=iphoneos*]" = "iPhone Developer";
				COPY_PHASE_STRIP = NO;
				GCC_C_LANGUAGE_STANDARD = gnu99;
				GCC_DYNAMIC_NO_PIC = NO;
				GCC_OPTIMIZATION_LEVEL = 0;
				GCC_PREPROCESSOR_DEFINITIONS = (
					"DEBUG=1",
					"$(inherited)",
				);
				GCC_SYMBOLS_PRIVATE_EXTERN = NO;
				GCC_VERSION = com.apple.compilers.llvm.clang.1_0;
				GCC_WARN_ABOUT_RETURN_TYPE = YES;
				GCC_WARN_UNINITIALIZED_AUTOS = YES;
				GCC_WARN_UNUSED_VARIABLE = YES;
				IPHONEOS_DEPLOYMENT_TARGET = 5.1;
				SDKROOT = iphoneos;
			};
			name = Debug;
		};
		D0ED608F158A852E009868F1 /* Release */ = {
			isa = XCBuildConfiguration;
			buildSettings = {
				ALWAYS_SEARCH_USER_PATHS = NO;
				ARCHS = "$(ARCHS_STANDARD_32_BIT)";
				CLANG_ENABLE_OBJC_ARC = YES;
				CLANG_WARN_CONSTANT_CONVERSION = YES;
				CLANG_WARN_ENUM_CONVERSION = YES;
				CLANG_WARN_INT_CONVERSION = YES;
				CLANG_WARN__DUPLICATE_METHOD_MATCH = YES;
				"CODE_SIGN_IDENTITY[sdk=iphoneos*]" = "iPhone Developer";
				COPY_PHASE_STRIP = YES;
				GCC_C_LANGUAGE_STANDARD = gnu99;
				GCC_VERSION = com.apple.compilers.llvm.clang.1_0;
				GCC_WARN_ABOUT_RETURN_TYPE = YES;
				GCC_WARN_UNINITIALIZED_AUTOS = YES;
				GCC_WARN_UNUSED_VARIABLE = YES;
				IPHONEOS_DEPLOYMENT_TARGET = 5.1;
				OTHER_CFLAGS = "-DNS_BLOCK_ASSERTIONS=1";
				SDKROOT = iphoneos;
				VALIDATE_PRODUCT = YES;
			};
			name = Release;
		};
		D0ED6091158A852E009868F1 /* Debug */ = {
			isa = XCBuildConfiguration;
			buildSettings = {
				GCC_PRECOMPILE_PREFIX_HEADER = YES;
				GCC_PREFIX_HEADER = "Table Single/Table Single-Prefix.pch";
				INFOPLIST_FILE = "Table Single/Table Single-Info.plist";
				PRODUCT_NAME = "$(TARGET_NAME)";
				WRAPPER_EXTENSION = app;
			};
			name = Debug;
		};
		D0ED6092158A852E009868F1 /* Release */ = {
			isa = XCBuildConfiguration;
			buildSettings = {
				GCC_PRECOMPILE_PREFIX_HEADER = YES;
				GCC_PREFIX_HEADER = "Table Single/Table Single-Prefix.pch";
				INFOPLIST_FILE = "Table Single/Table Single-Info.plist";
				PRODUCT_NAME = "$(TARGET_NAME)";
				WRAPPER_EXTENSION = app;
			};
			name = Release;
		};
/* End XCBuildConfiguration section */

/* Begin XCConfigurationList section */
		D0ED606C158A852E009868F1 /* Build configuration list for PBXProject "Table Single" */ = {
			isa = XCConfigurationList;
			buildConfigurations = (
				D0ED608E158A852E009868F1 /* Debug */,
				D0ED608F158A852E009868F1 /* Release */,
			);
			defaultConfigurationIsVisible = 0;
			defaultConfigurationName = Release;
		};
		D0ED6090158A852E009868F1 /* Build configuration list for PBXNativeTarget "Table Single" */ = {
			isa = XCConfigurationList;
			buildConfigurations = (
				D0ED6091158A852E009868F1 /* Debug */,
				D0ED6092158A852E009868F1 /* Release */,
			);
			defaultConfigurationIsVisible = 0;
			defaultConfigurationName = Release;
		};
/* End XCConfigurationList section */
	};
	rootObject = D0ED6069158A852E009868F1 /* Project object */;
}
